
Microsoft Visual Studio Solution File, Format Version 12.00
# Visual Studio 15
VisualStudioVersion = 15.0.26228.4
MinimumVisualStudioVersion = 10.0.40219.1
Project("{D82D6C5D-A735-43A6-BFE6-19BA1EBA9A4A}") = "MiniGrpc.Common", "MiniGrpc.Common/MiniGrpc.Common.csproj", "{03BB74CF-C6E3-4FA4-A954-D123A5D811D5}"
EndProject
Project("{D82D6C5D-A735-43A6-BFE6-19BA1EBA9A4A}") = "MiniGrpc.Server", "MiniGrpc.Server/MiniGrpc.Server.csproj", "{B1896887-EC6D-439D-AC7C-498F6D18BC0D}"
EndProject
Project("{D82D6C5D-A735-43A6-BFE6-19BA1EBA9A4A}") = "MiniGrpc.Client", "MiniGrpc.Client/MiniGrpc.Client.csproj", "{4BED44AE-F7B6-4214-AFE6-6D018367CA1A}"
EndProject
Global
	GlobalSection(SolutionConfigurationPlatforms) = preSolution
		Debug|Any CPU = Debug|Any CPU
		Release|Any CPU = Release|Any CPU
	EndGlobalSection
	GlobalSection(ProjectConfigurationPlatforms) = postSolution
		{03BB74CF-C6E3-4FA4-A954-D123A5D811D5}.Debug|Any CPU.ActiveCfg = Debug|Any CPU
		{03BB74CF-C6E3-4FA4-A954-D123A5D811D5}.Debug|Any CPU.Build.0 = Debug|Any CPU
		{03BB74CF-C6E3-4FA4-A954-D123A5D811D5}.Release|Any CPU.ActiveCfg = Release|Any CPU
		{03BB74CF-C6E3-4FA4-A954-D123A5D811D5}.Release|Any CPU.Build.0 = Release|Any CPU
		{B1896887-EC6D-439D-AC7C-498F6D18BC0D}.Debug|Any CPU.ActiveCfg = Debug|Any CPU
		{B1896887-EC6D-439D-AC7C-498F6D18BC0D}.Debug|Any CPU.Build.0 = Debug|Any CPU
		{B1896887-EC6D-439D-AC7C-498F6D18BC0D}.Release|Any CPU.ActiveCfg = Release|Any CPU
		{B1896887-EC6D-439D-AC7C-498F6D18BC0D}.Release|Any CPU.Build.0 = Release|Any CPU
		{4BED44AE-F7B6-4214-AFE6-6D018367CA1A}.Debug|Any CPU.ActiveCfg = Debug|Any CPU
		{4BED44AE-F7B6-4214-AFE6-6D018367CA1A}.Debug|Any CPU.Build.0 = Debug|Any CPU
		{4BED44AE-F7B6-4214-AFE6-6D018367CA1A}.Release|Any CPU.ActiveCfg = Release|Any CPU
		{4BED44AE-F7B6-4214-AFE6-6D018367CA1A}.Release|Any CPU.Build.0 = Release|Any CPU
	EndGlobalSection
	GlobalSection(SolutionProperties) = preSolution
		HideSolutionNode = FALSE
	EndGlobalSection
EndGlobal
